{
  "name": "crtransfer",
  "version": "1.0.0",
  "lockfileVersion": 3,
  "requires": true,
  "packages": {
    "": {
      "name": "crtransfer",
      "version": "1.0.0",
      "dependencies": {
        "@headlessui/react": "^2.2.7",
        "@headlessui/vue": "^1.7.23",
        "leaflet": "^1.9.4"
      },
      "devDependencies": {
        "vite": "^5.0.0"
      }
    },
    "node_modules/@babel/helper-string-parser": {
      "version": "7.27.1",
      "resolved": "https://registry.npmjs.org/@babel/helper-string-parser/-/helper-string-parser-7.27.1.tgz",
      "integrity": "sha512-qMlSxKbpRlAridDExk92nSobyDdpPijUq2DW6oDnUqd0iOGxmQjyqhMIihI9+zv4LPyZdRje2cavWPbCbWm3eA==",
      "license": "MIT",
      "peer": true,
      "engines": {
        "node": ">=6.9.0"
      }
    },
    "node_modules/@babel/helper-validator-identifier": {
      "version": "7.27.1",
      "resolved": "https://registry.npmjs.org/@babel/helper-validator-identifier/-/helper-validator-identifier-7.27.1.tgz",
      "integrity": "sha512-D2hP9eA+Sqx1kBZgzxZh0y1trbuU+JoDkiEwqhQ36nodYqJwyEIhPSdMNd7lOm/4io72luTPWH20Yda0xOuUow==",
      "license": "MIT",
      "peer": true,
      "engines": {
        "node": ">=6.9.0"
      }
    },
    "node_modules/@babel/parser": {
      "version": "7.28.3",
      "resolved": "https://registry.npmjs.org/@babel/parser/-/parser-7.28.3.tgz",
      "integrity": "sha512-7+Ey1mAgYqFAx2h0RuoxcQT5+MlG3GTV0TQrgr7/ZliKsm/MNDxVVutlWaziMq7wJNAz8MTqz55XLpWvva6StA==",
      "license": "MIT",
      "peer": true,
      "dependencies": {
        "@babel/types": "^7.28.2"
      },
      "bin": {
        "parser": "bin/babel-parser.js"
      },
      "engines": {
        "node": ">=6.0.0"
      }
    },
    "node_modules/@babel/types": {
      "version": "7.28.2",
      "resolved": "https://registry.npmjs.org/@babel/types/-/types-7.28.2.tgz",
      "integrity": "sha512-ruv7Ae4J5dUYULmeXw1gmb7rYRz57OWCPM57pHojnLq/3Z1CK2lNSLTCVjxVk1F/TZHwOZZrOWi0ur95BbLxNQ==",
      "license": "MIT",
      "peer": true,
      "dependencies": {
        "@babel/helper-string-parser": "^7.27.1",
        "@babel/helper-validator-identifier": "^7.27.1"
      },
      "engines": {
        "node": ">=6.9.0"
      }
    },
    "node_modules/@esbuild/win32-x64": {
      "version": "0.21.5",
      "resolved": "https://registry.npmjs.org/@esbuild/win32-x64/-/win32-x64-0.21.5.tgz",
      "integrity": "sha512-tQd/1efJuzPC6rCFwEvLtci/xNFcTZknmXs98FYDfGE4wP9ClFV98nyKrzJKVPMhdDnjzLhdUyMX4PsQAPjwIw==",
      "cpu": [
        "x64"
      ],
      "dev": true,
      "license": "MIT",
      "optional": true,
      "os": [
        "win32"
      ],
      "engines": {
        "node": ">=12"
      }
    },
    "node_modules/@floating-ui/core": {
      "version": "1.7.3",
      "resolved": "https://registry.npmjs.org/@floating-ui/core/-/core-1.7.3.tgz",
      "integrity": "sha512-sGnvb5dmrJaKEZ+LDIpguvdX3bDlEllmv4/ClQ9awcmCZrlx5jQyyMWFM5kBI+EyNOCDDiKk8il0zeuX3Zlg/w==",
      "license": "MIT",
      "dependencies": {
        "@floating-ui/utils": "^0.2.10"
      }
    },
    "node_modules/@floating-ui/dom": {
      "version": "1.7.4",
      "resolved": "https://registry.npmjs.org/@floating-ui/dom/-/dom-1.7.4.tgz",
      "integrity": "sha512-OOchDgh4F2CchOX94cRVqhvy7b3AFb+/rQXyswmzmGakRfkMgoWVjfnLWkRirfLEfuD4ysVW16eXzwt3jHIzKA==",
      "license": "MIT",
      "dependencies": {
        "@floating-ui/core": "^1.7.3",
        "@floating-ui/utils": "^0.2.10"
      }
    },
    "node_modules/@floating-ui/react": {
      "version": "0.26.28",
      "resolved": "https://registry.npmjs.org/@floating-ui/react/-/react-0.26.28.tgz",
      "integrity": "sha512-yORQuuAtVpiRjpMhdc0wJj06b9JFjrYF4qp96j++v2NBpbi6SEGF7donUJ3TMieerQ6qVkAv1tgr7L4r5roTqw==",
      "license": "MIT",
      "dependencies": {
        "@floating-ui/react-dom": "^2.1.2",
        "@floating-ui/utils": "^0.2.8",
        "tabbable": "^6.0.0"
      },
      "peerDependencies": {
        "react": ">=16.8.0",
        "react-dom": ">=16.8.0"
      }
    },
    "node_modules/@floating-ui/react-dom": {
      "version": "2.1.6",
      "resolved": "https://registry.npmjs.org/@floating-ui/react-dom/-/react-dom-2.1.6.tgz",
      "integrity": "sha512-4JX6rEatQEvlmgU80wZyq9RT96HZJa88q8hp0pBd+LrczeDI4o6uA2M+uvxngVHo4Ihr8uibXxH6+70zhAFrVw==",
      "license": "MIT",
      "dependencies": {
        "@floating-ui/dom": "^1.7.4"
      },
      "peerDependencies": {
        "react": ">=16.8.0",
        "react-dom": ">=16.8.0"
      }
    },
    "node_modules/@floating-ui/utils": {
      "version": "0.2.10",
      "resolved": "https://registry.npmjs.org/@floating-ui/utils/-/utils-0.2.10.tgz",
      "integrity": "sha512-aGTxbpbg8/b5JfU1HXSrbH3wXZuLPJcNEcZQFMxLs3oSzgtVu6nFPkbbGGUvBcUjKV2YyB9Wxxabo+HEH9tcRQ==",
      "license": "MIT"
    },
    "node_modules/@headlessui/react": {
      "version": "2.2.7",
      "resolved": "https://registry.npmjs.org/@headlessui/react/-/react-2.2.7.tgz",
      "integrity": "sha512-WKdTymY8Y49H8/gUc/lIyYK1M+/6dq0Iywh4zTZVAaiTDprRfioxSgD0wnXTQTBpjpGJuTL1NO/mqEvc//5SSg==",
      "license": "MIT",
      "dependencies": {
        "@floating-ui/react": "^0.26.16",
        "@react-aria/focus": "^3.20.2",
        "@react-aria/interactions": "^3.25.0",
        "@tanstack/react-virtual": "^3.13.9",
        "use-sync-external-store": "^1.5.0"
      },
      "engines": {
        "node": ">=10"
      },
      "peerDependencies": {
        "react": "^18 || ^19 || ^19.0.0-rc",
        "react-dom": "^18 || ^19 || ^19.0.0-rc"
      }
    },
    "node_modules/@headlessui/vue": {
      "version": "1.7.23",
      "resolved": "https://registry.npmjs.org/@headlessui/vue/-/vue-1.7.23.tgz",
      "integrity": "sha512-JzdCNqurrtuu0YW6QaDtR2PIYCKPUWq28csDyMvN4zmGccmE7lz40Is6hc3LA4HFeCI7sekZ/PQMTNmn9I/4Wg==",
      "license": "MIT",
      "dependencies": {
        "@tanstack/vue-virtual": "^3.0.0-beta.60"
      },
      "engines": {
        "node": ">=10"
      },
      "peerDependencies": {
        "vue": "^3.2.0"
      }
    },
    "node_modules/@jridgewell/sourcemap-codec": {
      "version": "1.5.5",
      "resolved": "https://registry.npmjs.org/@jridgewell/sourcemap-codec/-/sourcemap-codec-1.5.5.tgz",
      "integrity": "sha512-cYQ9310grqxueWbl+WuIUIaiUaDcj7WOq5fVhEljNVgRfOUhY9fy2zTvfoqWsnebh8Sl70VScFbICvJnLKB0Og==",
      "license": "MIT",
      "peer": true
    },
    "node_modules/@react-aria/focus": {
      "version": "3.21.0",
      "resolved": "https://registry.npmjs.org/@react-aria/focus/-/focus-3.21.0.tgz",
      "integrity": "sha512-7NEGtTPsBy52EZ/ToVKCu0HSelE3kq9qeis+2eEq90XSuJOMaDHUQrA7RC2Y89tlEwQB31bud/kKRi9Qme1dkA==",
      "license": "Apache-2.0",
      "dependencies": {
        "@react-aria/interactions": "^3.25.4",
        "@react-aria/utils": "^3.30.0",
        "@react-types/shared": "^3.31.0",
        "@swc/helpers": "^0.5.0",
        "clsx": "^2.0.0"
      },
      "peerDependencies": {
        "react": "^16.8.0 || ^17.0.0-rc.1 || ^18.0.0 || ^19.0.0-rc.1",
        "react-dom": "^16.8.0 || ^17.0.0-rc.1 || ^18.0.0 || ^19.0.0-rc.1"
      }
    },
    "node_modules/@react-aria/interactions": {
      "version": "3.25.4",
      "resolved": "https://registry.npmjs.org/@react-aria/interactions/-/interactions-3.25.4.tgz",
      "integrity": "sha512-HBQMxgUPHrW8V63u9uGgBymkMfj6vdWbB0GgUJY49K9mBKMsypcHeWkWM6+bF7kxRO728/IK8bWDV6whDbqjHg==",
      "license": "Apache-2.0",
      "dependencies": {
        "@react-aria/ssr": "^3.9.10",
        "@react-aria/utils": "^3.30.0",
        "@react-stately/flags": "^3.1.2",
        "@react-types/shared": "^3.31.0",
        "@swc/helpers": "^0.5.0"
      },
      "peerDependencies": {
        "react": "^16.8.0 || ^17.0.0-rc.1 || ^18.0.0 || ^19.0.0-rc.1",
        "react-dom": "^16.8.0 || ^17.0.0-rc.1 || ^18.0.0 || ^19.0.0-rc.1"
      }
    },
    "node_modules/@react-aria/ssr": {
      "version": "3.9.10",
      "resolved": "https://registry.npmjs.org/@react-aria/ssr/-/ssr-3.9.10.tgz",
      "integrity": "sha512-hvTm77Pf+pMBhuBm760Li0BVIO38jv1IBws1xFm1NoL26PU+fe+FMW5+VZWyANR6nYL65joaJKZqOdTQMkO9IQ==",
      "license": "Apache-2.0",
      "dependencies": {
        "@swc/helpers": "^0.5.0"
      },
      "engines": {
        "node": ">= 12"
      },
      "peerDependencies": {
        "react": "^16.8.0 || ^17.0.0-rc.1 || ^18.0.0 || ^19.0.0-rc.1"
      }
    },
    "node_modules/@react-aria/utils": {
      "version": "3.30.0",
      "resolved": "https://registry.npmjs.org/@react-aria/utils/-/utils-3.30.0.tgz",
      "integrity": "sha512-ydA6y5G1+gbem3Va2nczj/0G0W7/jUVo/cbN10WA5IizzWIwMP5qhFr7macgbKfHMkZ+YZC3oXnt2NNre5odKw==",
      "license": "Apache-2.0",
      "dependencies": {
        "@react-aria/ssr": "^3.9.10",
        "@react-stately/flags": "^3.1.2",
        "@react-stately/utils": "^3.10.8",
        "@react-types/shared": "^3.31.0",
        "@swc/helpers": "^0.5.0",
        "clsx": "^2.0.0"
      },
      "peerDependencies": {
        "react": "^16.8.0 || ^17.0.0-rc.1 || ^18.0.0 || ^19.0.0-rc.1",
        "react-dom": "^16.8.0 || ^17.0.0-rc.1 || ^18.0.0 || ^19.0.0-rc.1"
      }
    },
    "node_modules/@react-stately/flags": {
      "version": "3.1.2",
      "resolved": "https://registry.npmjs.org/@react-stately/flags/-/flags-3.1.2.tgz",
      "integrity": "sha512-2HjFcZx1MyQXoPqcBGALwWWmgFVUk2TuKVIQxCbRq7fPyWXIl6VHcakCLurdtYC2Iks7zizvz0Idv48MQ38DWg==",
      "license": "Apache-2.0",
      "dependencies": {
        "@swc/helpers": "^0.5.0"
      }
    },
    "node_modules/@react-stately/utils": {
      "version": "3.10.8",
      "resolved": "https://registry.npmjs.org/@react-stately/utils/-/utils-3.10.8.tgz",
      "integrity": "sha512-SN3/h7SzRsusVQjQ4v10LaVsDc81jyyR0DD5HnsQitm/I5WDpaSr2nRHtyloPFU48jlql1XX/S04T2DLQM7Y3g==",
      "license": "Apache-2.0",
      "dependencies": {
        "@swc/helpers": "^0.5.0"
      },
      "peerDependencies": {
        "react": "^16.8.0 || ^17.0.0-rc.1 || ^18.0.0 || ^19.0.0-rc.1"
      }
    },
    "node_modules/@react-types/shared": {
      "version": "3.31.0",
      "resolved": "https://registry.npmjs.org/@react-types/shared/-/shared-3.31.0.tgz",
      "integrity": "sha512-ua5U6V66gDcbLZe4P2QeyNgPp4YWD1ymGA6j3n+s8CGExtrCPe64v+g4mvpT8Bnb985R96e4zFT61+m0YCwqMg==",
      "license": "Apache-2.0",
      "peerDependencies": {
        "react": "^16.8.0 || ^17.0.0-rc.1 || ^18.0.0 || ^19.0.0-rc.1"
      }
    },
    "node_modules/@rollup/rollup-win32-x64-msvc": {
      "version": "4.47.1",
      "resolved": "https://registry.npmjs.org/@rollup/rollup-win32-x64-msvc/-/rollup-win32-x64-msvc-4.47.1.tgz",
      "integrity": "sha512-CpKnYa8eHthJa3c+C38v/E+/KZyF1Jdh2Cz3DyKZqEWYgrM1IHFArXNWvBLPQCKUEsAqqKX27tTqVEFbDNUcOA==",
      "cpu": [
        "x64"
      ],
      "dev": true,
      "license": "MIT",
      "optional": true,
      "os": [
        "win32"
      ]
    },
    "node_modules/@swc/helpers": {
      "version": "0.5.17",
      "resolved": "https://registry.npmjs.org/@swc/helpers/-/helpers-0.5.17.tgz",
      "integrity": "sha512-5IKx/Y13RsYd+sauPb2x+U/xZikHjolzfuDgTAl/Tdf3Q8rslRvC19NKDLgAJQ6wsqADk10ntlv08nPFw/gO/A==",
      "license": "Apache-2.0",
      "dependencies": {
        "tslib": "^2.8.0"
      }
    },
    "node_modules/@tanstack/react-virtual": {
      "version": "3.13.12",
      "resolved": "https://registry.npmjs.org/@tanstack/react-virtual/-/react-virtual-3.13.12.tgz",
      "integrity": "sha512-Gd13QdxPSukP8ZrkbgS2RwoZseTTbQPLnQEn7HY/rqtM+8Zt95f7xKC7N0EsKs7aoz0WzZ+fditZux+F8EzYxA==",
      "license": "MIT",
      "dependencies": {
        "@tanstack/virtual-core": "3.13.12"
      },
      "funding": {
        "type": "github",
        "url": "https://github.com/sponsors/tannerlinsley"
      },
      "peerDependencies": {
        "react": "^16.8.0 || ^17.0.0 || ^18.0.0 || ^19.0.0",
        "react-dom": "^16.8.0 || ^17.0.0 || ^18.0.0 || ^19.0.0"
      }
    },
    "node_modules/@tanstack/virtual-core": {
      "version": "3.13.12",
      "resolved": "https://registry.npmjs.org/@tanstack/virtual-core/-/virtual-core-3.13.12.tgz",
      "integrity": "sha512-1YBOJfRHV4sXUmWsFSf5rQor4Ss82G8dQWLRbnk3GA4jeP8hQt1hxXh0tmflpC0dz3VgEv/1+qwPyLeWkQuPFA==",
      "license": "MIT",
      "funding": {
        "type": "github",
        "url": "https://github.com/sponsors/tannerlinsley"
      }
    },
    "node_modules/@tanstack/vue-virtual": {
      "version": "3.13.12",
      "resolved": "https://registry.npmjs.org/@tanstack/vue-virtual/-/vue-virtual-3.13.12.tgz",
      "integrity": "sha512-vhF7kEU9EXWXh+HdAwKJ2m3xaOnTTmgcdXcF2pim8g4GvI7eRrk2YRuV5nUlZnd/NbCIX4/Ja2OZu5EjJL06Ww==",
      "license": "MIT",
      "dependencies": {
        "@tanstack/virtual-core": "3.13.12"
      },
      "funding": {
        "type": "github",
        "url": "https://github.com/sponsors/tannerlinsley"
      },
      "peerDependencies": {
        "vue": "^2.7.0 || ^3.0.0"
      }
    },
    "node_modules/@types/estree": {
      "version": "1.0.8",
      "resolved": "https://registry.npmjs.org/@types/estree/-/estree-1.0.8.tgz",
      "integrity": "sha512-dWHzHa2WqEXI/O1E9OjrocMTKJl2mSrEolh1Iomrv6U+JuNwaHXsXx9bLu5gG7BUWFIN0skIQJQ/L1rIex4X6w==",
      "dev": true,
      "license": "MIT"
    },
    "node_modules/@vue/compiler-core": {
      "version": "3.5.19",
      "resolved": "https://registry.npmjs.org/@vue/compiler-core/-/compiler-core-3.5.19.tgz",
      "integrity": "sha512-/afpyvlkrSNYbPo94Qu8GtIOWS+g5TRdOvs6XZNw6pWQQmj5pBgSZvEPOIZlqWq0YvoUhDDQaQ2TnzuJdOV4hA==",
      "license": "MIT",
      "peer": true,
      "dependencies": {
        "@babel/parser": "^7.28.3",
        "@vue/shared": "3.5.19",
        "entities": "^4.5.0",
        "estree-walker": "^2.0.2",
        "source-map-js": "^1.2.1"
      }
    },
    "node_modules/@vue/compiler-dom": {
      "version": "3.5.19",
      "resolved": "https://registry.npmjs.org/@vue/compiler-dom/-/compiler-dom-3.5.19.tgz",
      "integrity": "sha512-Drs6rPHQZx/pN9S6ml3Z3K/TWCIRPvzG2B/o5kFK9X0MNHt8/E+38tiRfojufrYBfA6FQUFB2qBBRXlcSXWtOA==",
      "license": "MIT",
      "peer": true,
      "dependencies": {
        "@vue/compiler-core": "3.5.19",
        "@vue/shared": "3.5.19"
      }
    },
    "node_modules/@vue/compiler-sfc": {
      "version": "3.5.19",
      "resolved": "https://registry.npmjs.org/@vue/compiler-sfc/-/compiler-sfc-3.5.19.tgz",
      "integrity": "sha512-YWCm1CYaJ+2RvNmhCwI7t3I3nU+hOrWGWMsn+Z/kmm1jy5iinnVtlmkiZwbLlbV1SRizX7vHsc0/bG5dj0zRTg==",
      "license": "MIT",
      "peer": true,
      "dependencies": {
        "@babel/parser": "^7.28.3",
        "@vue/compiler-core": "3.5.19",
        "@vue/compiler-dom": "3.5.19",
        "@vue/compiler-ssr": "3.5.19",
        "@vue/shared": "3.5.19",
        "estree-walker": "^2.0.2",
        "magic-string": "^0.30.17",
        "postcss": "^8.5.6",
        "source-map-js": "^1.2.1"
      }
    },
    "node_modules/@vue/compiler-ssr": {
      "version": "3.5.19",
      "resolved": "https://registry.npmjs.org/@vue/compiler-ssr/-/compiler-ssr-3.5.19.tgz",
      "integrity": "sha512-/wx0VZtkWOPdiQLWPeQeqpHWR/LuNC7bHfSX7OayBTtUy8wur6vT6EQIX6Et86aED6J+y8tTw43qo2uoqGg5sw==",
      "license": "MIT",
      "peer": true,
      "dependencies": {
        "@vue/compiler-dom": "3.5.19",
        "@vue/shared": "3.5.19"
      }
    },
    "node_modules/@vue/reactivity": {
      "version": "3.5.19",
      "resolved": "https://registry.npmjs.org/@vue/reactivity/-/reactivity-3.5.19.tgz",
      "integrity": "sha512-4bueZg2qs5MSsK2dQk3sssV0cfvxb/QZntTC8v7J448GLgmfPkQ+27aDjlt40+XFqOwUq5yRxK5uQh14Fc9eVA==",
      "license": "MIT",
      "peer": true,
      "dependencies": {
        "@vue/shared": "3.5.19"
      }
    },
    "node_modules/@vue/runtime-core": {
      "version": "3.5.19",
      "resolved": "https://registry.npmjs.org/@vue/runtime-core/-/runtime-core-3.5.19.tgz",
      "integrity": "sha512-TaooCr8Hge1sWjLSyhdubnuofs3shhzZGfyD11gFolZrny76drPwBVQj28/z/4+msSFb18tOIg6VVVgf9/IbIA==",
      "license": "MIT",
      "peer": true,
      "dependencies": {
        "@vue/reactivity": "3.5.19",
        "@vue/shared": "3.5.19"
      }
    },
    "node_modules/@vue/runtime-dom": {
      "version": "3.5.19",
      "resolved": "https://registry.npmjs.org/@vue/runtime-dom/-/runtime-dom-3.5.19.tgz",
      "integrity": "sha512-qmahqeok6ztuUTmV8lqd7N9ymbBzctNF885n8gL3xdCC1u2RnM/coX16Via0AiONQXUoYpxPojL3U1IsDgSWUQ==",
      "license": "MIT",
      "peer": true,
      "dependencies": {
        "@vue/reactivity": "3.5.19",
        "@vue/runtime-core": "3.5.19",
        "@vue/shared": "3.5.19",
        "csstype": "^3.1.3"
      }
    },
    "node_modules/@vue/server-renderer": {
      "version": "3.5.19",
      "resolved": "https://registry.npmjs.org/@vue/server-renderer/-/server-renderer-3.5.19.tgz",
      "integrity": "sha512-ZJ/zV9SQuaIO+BEEVq/2a6fipyrSYfjKMU3267bPUk+oTx/hZq3RzV7VCh0Unlppt39Bvh6+NzxeopIFv4HJNg==",
      "license": "MIT",
      "peer": true,
      "dependencies": {
        "@vue/compiler-ssr": "3.5.19",
        "@vue/shared": "3.5.19"
      },
      "peerDependencies": {
        "vue": "3.5.19"
      }
    },
    "node_modules/@vue/shared": {
      "version": "3.5.19",
      "resolved": "https://registry.npmjs.org/@vue/shared/-/shared-3.5.19.tgz",
      "integrity": "sha512-IhXCOn08wgKrLQxRFKKlSacWg4Goi1BolrdEeLYn6tgHjJNXVrWJ5nzoxZqNwl5p88aLlQ8LOaoMa3AYvaKJ/Q==",
      "license": "MIT",
      "peer": true
    },
    "node_modules/clsx": {
      "version": "2.1.1",
      "resolved": "https://registry.npmjs.org/clsx/-/clsx-2.1.1.tgz",
      "integrity": "sha512-eYm0QWBtUrBWZWG0d386OGAw16Z995PiOVo2B7bjWSbHedGl5e0ZWaq65kOGgUSNesEIDkB9ISbTg/JK9dhCZA==",
      "license": "MIT",
      "engines": {
        "node": ">=6"
      }
    },
    "node_modules/csstype": {
      "version": "3.1.3",
      "resolved": "https://registry.npmjs.org/csstype/-/csstype-3.1.3.tgz",
      "integrity": "sha512-M1uQkMl8rQK/szD0LNhtqxIPLpimGm8sOBwU7lLnCpSbTyY3yeU1Vc7l4KT5zT4s/yOxHH5O7tIuuLOCnLADRw==",
      "license": "MIT",
      "peer": true
    },
    "node_modules/entities": {
      "version": "4.5.0",
      "resolved": "https://registry.npmjs.org/entities/-/entities-4.5.0.tgz",
      "integrity": "sha512-V0hjH4dGPh9Ao5p0MoRY6BVqtwCjhz6vI5LT8AJ55H+4g9/4vbHx1I54fS0XuclLhDHArPQCiMjDxjaL8fPxhw==",
      "license": "BSD-2-Clause",
      "peer": true,
      "engines": {
        "node": ">=0.12"
      },
      "funding": {
        "url": "https://github.com/fb55/entities?sponsor=1"
      }
    },
    "node_modules/esbuild": {
      "version": "0.21.5",
      "resolved": "https://registry.npmjs.org/esbuild/-/esbuild-0.21.5.tgz",
      "integrity": "sha512-mg3OPMV4hXywwpoDxu3Qda5xCKQi+vCTZq8S9J/EpkhB2HzKXq4SNFZE3+NK93JYxc8VMSep+lOUSC/RVKaBqw==",
      "dev": true,
      "hasInstallScript": true,
      "license": "MIT",
      "bin": {
        "esbuild": "bin/esbuild"
      },
      "engines": {
        "node": ">=12"
      },
      "optionalDependencies": {
        "@esbuild/aix-ppc64": "0.21.5",
        "@esbuild/android-arm": "0.21.5",
        "@esbuild/android-arm64": "0.21.5",
        "@esbuild/android-x64": "0.21.5",
        "@esbuild/darwin-arm64": "0.21.5",
        "@esbuild/darwin-x64": "0.21.5",
        "@esbuild/freebsd-arm64": "0.21.5",
        "@esbuild/freebsd-x64": "0.21.5",
        "@esbuild/linux-arm": "0.21.5",
        "@esbuild/linux-arm64": "0.21.5",
        "@esbuild/linux-ia32": "0.21.5",
        "@esbuild/linux-loong64": "0.21.5",
        "@esbuild/linux-mips64el": "0.21.5",
        "@esbuild/linux-ppc64": "0.21.5",
        "@esbuild/linux-riscv64": "0.21.5",
        "@esbuild/linux-s390x": "0.21.5",
        "@esbuild/linux-x64": "0.21.5",
        "@esbuild/netbsd-x64": "0.21.5",
        "@esbuild/openbsd-x64": "0.21.5",
        "@esbuild/sunos-x64": "0.21.5",
        "@esbuild/win32-arm64": "0.21.5",
        "@esbuild/win32-ia32": "0.21.5",
        "@esbuild/win32-x64": "0.21.5"
      }
    },
    "node_modules/estree-walker": {
      "version": "2.0.2",
      "resolved": "https://registry.npmjs.org/estree-walker/-/estree-walker-2.0.2.tgz",
      "integrity": "sha512-Rfkk/Mp/DL7JVje3u18FxFujQlTNR2q6QfMSMB7AvCBx91NGj/ba3kCfza0f6dVDbw7YlRf/nDrn7pQrCCyQ/w==",
      "license": "MIT",
      "peer": true
    },
    "node_modules/js-tokens": {
      "version": "4.0.0",
      "resolved": "https://registry.npmjs.org/js-tokens/-/js-tokens-4.0.0.tgz",
      "integrity": "sha512-RdJUflcE3cUzKiMqQgsCu06FPu9UdIJO0beYbPhHN4k6apgJtifcoCtT9bcxOpYBtpD2kCM6Sbzg4CausW/PKQ==",
      "license": "MIT",
      "peer": true
    },
    "node_modules/leaflet": {
      "version": "1.9.4",
      "resolved": "https://registry.npmjs.org/leaflet/-/leaflet-1.9.4.tgz",
      "integrity": "sha512-nxS1ynzJOmOlHp+iL3FyWqK89GtNL8U8rvlMOsQdTTssxZwCXh8N2NB3GDQOL+YR3XnWyZAxwQixURb+FA74PA==",
      "license": "BSD-2-Clause"
    },
    "node_modules/loose-envify": {
      "version": "1.4.0",
      "resolved": "https://registry.npmjs.org/loose-envify/-/loose-envify-1.4.0.tgz",
      "integrity": "sha512-lyuxPGr/Wfhrlem2CL/UcnUc1zcqKAImBDzukY7Y5F/yQiNdko6+fRLevlw1HgMySw7f611UIY408EtxRSoK3Q==",
      "license": "MIT",
      "peer": true,
      "dependencies": {
        "js-tokens": "^3.0.0 || ^4.0.0"
      },
      "bin": {
        "loose-envify": "cli.js"
      }
    },
    "node_modules/magic-string": {
      "version": "0.30.18",
      "resolved": "https://registry.npmjs.org/magic-string/-/magic-string-0.30.18.tgz",
      "integrity": "sha512-yi8swmWbO17qHhwIBNeeZxTceJMeBvWJaId6dyvTSOwTipqeHhMhOrz6513r1sOKnpvQ7zkhlG8tPrpilwTxHQ==",
      "license": "MIT",
      "peer": true,
      "dependencies": {
        "@jridgewell/sourcemap-codec": "^1.5.5"
      }
    },
    "node_modules/nanoid": {
      "version": "3.3.11",
      "resolved": "https://registry.npmjs.org/nanoid/-/nanoid-3.3.11.tgz",
      "integrity": "sha512-N8SpfPUnUp1bK+PMYW8qSWdl9U+wwNWI4QKxOYDy9JAro3WMX7p2OeVRF9v+347pnakNevPmiHhNmZ2HbFA76w==",
      "funding": [
        {
          "type": "github",
          "url": "https://github.com/sponsors/ai"
        }
      ],
      "license": "MIT",
      "bin": {
        "nanoid": "bin/nanoid.cjs"
      },
      "engines": {
        "node": "^10 || ^12 || ^13.7 || ^14 || >=15.0.1"
      }
    },
    "node_modules/picocolors": {
      "version": "1.1.1",
      "resolved": "https://registry.npmjs.org/picocolors/-/picocolors-1.1.1.tgz",
      "integrity": "sha512-xceH2snhtb5M9liqDsmEw56le376mTZkEX/jEb/RxNFyegNul7eNslCXP9FDj/Lcu0X8KEyMceP2ntpaHrDEVA==",
      "license": "ISC"
    },
    "node_modules/postcss": {
      "version": "8.5.6",
      "resolved": "https://registry.npmjs.org/postcss/-/postcss-8.5.6.tgz",
      "integrity": "sha512-3Ybi1tAuwAP9s0r1UQ2J4n5Y0G05bJkpUIO0/bI9MhwmD70S5aTWbXGBwxHrelT+XM1k6dM0pk+SwNkpTRN7Pg==",
      "funding": [
        {
          "type": "opencollective",
          "url": "https://opencollective.com/postcss/"
        },
        {
          "type": "tidelift",
          "url": "https://tidelift.com/funding/github/npm/postcss"
        },
        {
          "type": "github",
          "url": "https://github.com/sponsors/ai"
        }
      ],
      "license": "MIT",
      "dependencies": {
        "nanoid": "^3.3.11",
        "picocolors": "^1.1.1",
        "source-map-js": "^1.2.1"
      },
      "engines": {
        "node": "^10 || ^12 || >=14"
      }
    },
    "node_modules/react": {
      "version": "18.3.1",
      "resolved": "https://registry.npmjs.org/react/-/react-18.3.1.tgz",
      "integrity": "sha512-wS+hAgJShR0KhEvPJArfuPVN1+Hz1t0Y6n5jLrGQbkb4urgPE/0Rve+1kMB1v/oWgHgm4WIcV+i7F2pTVj+2iQ==",
      "license": "MIT",
      "peer": true,
      "dependencies": {
        "loose-envify": "^1.1.0"
      },
      "engines": {
        "node": ">=0.10.0"
      }
    },
    "node_modules/react-dom": {
      "version": "18.3.1",
      "resolved": "https://registry.npmjs.org/react-dom/-/react-dom-18.3.1.tgz",
      "integrity": "sha512-5m4nQKp+rZRb09LNH59GM4BxTh9251/ylbKIbpe7TpGxfJ+9kv6BLkLBXIjjspbgbnIBNqlI23tRnTWT0snUIw==",
      "license": "MIT",
      "peer": true,
      "dependencies": {
        "loose-envify": "^1.1.0",
        "scheduler": "^0.23.2"
      },
      "peerDependencies": {
        "react": "^18.3.1"
      }
    },
    "node_modules/rollup": {
      "version": "4.47.1",
      "resolved": "https://registry.npmjs.org/rollup/-/rollup-4.47.1.tgz",
      "integrity": "sha512-iasGAQoZ5dWDzULEUX3jiW0oB1qyFOepSyDyoU6S/OhVlDIwj5knI5QBa5RRQ0sK7OE0v+8VIi2JuV+G+3tfNg==",
      "dev": true,
      "license": "MIT",
      "dependencies": {
        "@types/estree": "1.0.8"
      },
      "bin": {
        "rollup": "dist/bin/rollup"
      },
      "engines": {
        "node": ">=18.0.0",
        "npm": ">=8.0.0"
      },
      "optionalDependencies": {
        "@rollup/rollup-android-arm-eabi": "4.47.1",
        "@rollup/rollup-android-arm64": "4.47.1",
        "@rollup/rollup-darwin-arm64": "4.47.1",
        "@rollup/rollup-darwin-x64": "4.47.1",
        "@rollup/rollup-freebsd-arm64": "4.47.1",
        "@rollup/rollup-freebsd-x64": "4.47.1",
        "@rollup/rollup-linux-arm-gnueabihf": "4.47.1",
        "@rollup/rollup-linux-arm-musleabihf": "4.47.1",
        "@rollup/rollup-linux-arm64-gnu": "4.47.1",
        "@rollup/rollup-linux-arm64-musl": "4.47.1",
        "@rollup/rollup-linux-loongarch64-gnu": "4.47.1",
        "@rollup/rollup-linux-ppc64-gnu": "4.47.1",
        "@rollup/rollup-linux-riscv64-gnu": "4.47.1",
        "@rollup/rollup-linux-riscv64-musl": "4.47.1",
        "@rollup/rollup-linux-s390x-gnu": "4.47.1",
        "@rollup/rollup-linux-x64-gnu": "4.47.1",
        "@rollup/rollup-linux-x64-musl": "4.47.1",
        "@rollup/rollup-win32-arm64-msvc": "4.47.1",
        "@rollup/rollup-win32-ia32-msvc": "4.47.1",
        "@rollup/rollup-win32-x64-msvc": "4.47.1",
        "fsevents": "~2.3.2"
      }
    },
    "node_modules/scheduler": {
      "version": "0.23.2",
      "resolved": "https://registry.npmjs.org/scheduler/-/scheduler-0.23.2.tgz",
      "integrity": "sha512-UOShsPwz7NrMUqhR6t0hWjFduvOzbtv7toDH1/hIrfRNIDBnnBWd0CwJTGvTpngVlmwGCdP9/Zl/tVrDqcuYzQ==",
      "license": "MIT",
      "peer": true,
      "dependencies": {
        "loose-envify": "^1.1.0"
      }
    },
    "node_modules/source-map-js": {
      "version": "1.2.1",
      "resolved": "https://registry.npmjs.org/source-map-js/-/source-map-js-1.2.1.tgz",
      "integrity": "sha512-UXWMKhLOwVKb728IUtQPXxfYU+usdybtUrK/8uGE8CQMvrhOpwvzDBwj0QhSL7MQc7vIsISBG8VQ8+IDQxpfQA==",
      "license": "BSD-3-Clause",
      "engines": {
        "node": ">=0.10.0"
      }
    },
    "node_modules/tabbable": {
      "version": "6.2.0",
      "resolved": "https://registry.npmjs.org/tabbable/-/tabbable-6.2.0.tgz",
      "integrity": "sha512-Cat63mxsVJlzYvN51JmVXIgNoUokrIaT2zLclCXjRd8boZ0004U4KCs/sToJ75C6sdlByWxpYnb5Boif1VSFew==",
      "license": "MIT"
    },
    "node_modules/tslib": {
      "version": "2.8.1",
      "resolved": "https://registry.npmjs.org/tslib/-/tslib-2.8.1.tgz",
      "integrity": "sha512-oJFu94HQb+KVduSUQL7wnpmqnfmLsOA/nAh6b6EH0wCEoK0/mPeXU6c3wKDV83MkOuHPRHtSXKKU99IBazS/2w==",
      "license": "0BSD"
    },
    "node_modules/typescript": {
      "version": "5.9.2",
      "resolved": "https://registry.npmjs.org/typescript/-/typescript-5.9.2.tgz",
      "integrity": "sha512-CWBzXQrc/qOkhidw1OzBTQuYRbfyxDXJMVJ1XNwUHGROVmuaeiEm3OslpZ1RV96d7SKKjZKrSJu3+t/xlw3R9A==",
      "license": "Apache-2.0",
      "optional": true,
      "peer": true,
      "bin": {
        "tsc": "bin/tsc",
        "tsserver": "bin/tsserver"
      },
      "engines": {
        "node": ">=14.17"
      }
    },
    "node_modules/use-sync-external-store": {
      "version": "1.5.0",
      "resolved": "https://registry.npmjs.org/use-sync-external-store/-/use-sync-external-store-1.5.0.tgz",
      "integrity": "sha512-Rb46I4cGGVBmjamjphe8L/UnvJD+uPPtTkNvX5mZgqdbavhI4EbgIWJiIHXJ8bc/i9EQGPRh4DwEURJ552Do0A==",
      "license": "MIT",
      "peerDependencies": {
        "react": "^16.8.0 || ^17.0.0 || ^18.0.0 || ^19.0.0"
      }
    },
    "node_modules/vite": {
      "version": "5.4.19",
      "resolved": "https://registry.npmjs.org/vite/-/vite-5.4.19.tgz",
      "integrity": "sha512-qO3aKv3HoQC8QKiNSTuUM1l9o/XX3+c+VTgLHbJWHZGeTPVAg2XwazI9UWzoxjIJCGCV2zU60uqMzjeLZuULqA==",
      "dev": true,
      "license": "MIT",
      "dependencies": {
        "esbuild": "^0.21.3",
        "postcss": "^8.4.43",
        "rollup": "^4.20.0"
      },
      "bin": {
        "vite": "bin/vite.js"
      },
      "engines": {
        "node": "^18.0.0 || >=20.0.0"
      },
      "funding": {
        "url": "https://github.com/vitejs/vite?sponsor=1"
      },
      "optionalDependencies": {
        "fsevents": "~2.3.3"
      },
      "peerDependencies": {
        "@types/node": "^18.0.0 || >=20.0.0",
        "less": "*",
        "lightningcss": "^1.21.0",
        "sass": "*",
        "sass-embedded": "*",
        "stylus": "*",
        "sugarss": "*",
        "terser": "^5.4.0"
      },
      "peerDependenciesMeta": {
        "@types/node": {
          "optional": true
        },
        "less": {
          "optional": true
        },
        "lightningcss": {
          "optional": true
        },
        "sass": {
          "optional": true
        },
        "sass-embedded": {
          "optional": true
        },
        "stylus": {
          "optional": true
        },
        "sugarss": {
          "optional": true
        },
        "terser": {
          "optional": true
        }
      }
    },
    "node_modules/vue": {
      "version": "3.5.19",
      "resolved": "https://registry.npmjs.org/vue/-/vue-3.5.19.tgz",
      "integrity": "sha512-ZRh0HTmw6KChRYWgN8Ox/wi7VhpuGlvMPrHjIsdRbzKNgECFLzy+dKL5z9yGaBSjCpmcfJCbh3I1tNSRmBz2tg==",
      "license": "MIT",
      "peer": true,
      "dependencies": {
        "@vue/compiler-dom": "3.5.19",
        "@vue/compiler-sfc": "3.5.19",
        "@vue/runtime-dom": "3.5.19",
        "@vue/server-renderer": "3.5.19",
        "@vue/shared": "3.5.19"
      },
      "peerDependencies": {
        "typescript": "*"
      },
      "peerDependenciesMeta": {
        "typescript": {
          "optional": true
        }
      }
    }
  }
}
